
Microsoft Visual Studio Solution File, Format Version 12.00
# Visual Studio 15
VisualStudioVersion = 15.0.27004.2002
MinimumVisualStudioVersion = 10.0.40219.1
Project("{FAE04EC0-301F-11D3-BF4B-00C04F79EFBC}") = "DisplayInkApp", "App2\DisplayInkApp.csproj", "{641C493C-C0A5-44E3-B1D1-F8AE8DE378A9}"
EndProject
Project("{202899A3-C531-4771-9089-0213D66978AE}") = "PullRandomInkSamples", "PullRandomInkSamples\PullRandomInkSamples.scopeproj", "{6449871C-A553-4B7D-84A8-4379BF8DE95B}"
EndProject
Global
	GlobalSection(SolutionConfigurationPlatforms) = preSolution
		Debug|Any CPU = Debug|Any CPU
		Debug|ARM = Debug|ARM
		Debug|x64 = Debug|x64
		Debug|x86 = Debug|x86
		Release|Any CPU = Release|Any CPU
		Release|ARM = Release|ARM
		Release|x64 = Release|x64
		Release|x86 = Release|x86
	EndGlobalSection
	GlobalSection(ProjectConfigurationPlatforms) = postSolution
		{641C493C-C0A5-44E3-B1D1-F8AE8DE378A9}.Debug|Any CPU.ActiveCfg = Debug|x86
		{641C493C-C0A5-44E3-B1D1-F8AE8DE378A9}.Debug|ARM.ActiveCfg = Debug|ARM
		{641C493C-C0A5-44E3-B1D1-F8AE8DE378A9}.Debug|ARM.Build.0 = Debug|ARM
		{641C493C-C0A5-44E3-B1D1-F8AE8DE378A9}.Debug|ARM.Deploy.0 = Debug|ARM
		{641C493C-C0A5-44E3-B1D1-F8AE8DE378A9}.Debug|x64.ActiveCfg = Debug|x64
		{641C493C-C0A5-44E3-B1D1-F8AE8DE378A9}.Debug|x64.Build.0 = Debug|x64
		{641C493C-C0A5-44E3-B1D1-F8AE8DE378A9}.Debug|x64.Deploy.0 = Debug|x64
		{641C493C-C0A5-44E3-B1D1-F8AE8DE378A9}.Debug|x86.ActiveCfg = Debug|x86
		{641C493C-C0A5-44E3-B1D1-F8AE8DE378A9}.Debug|x86.Build.0 = Debug|x86
		{641C493C-C0A5-44E3-B1D1-F8AE8DE378A9}.Debug|x86.Deploy.0 = Debug|x86
		{641C493C-C0A5-44E3-B1D1-F8AE8DE378A9}.Release|Any CPU.ActiveCfg = Release|x86
		{641C493C-C0A5-44E3-B1D1-F8AE8DE378A9}.Release|ARM.ActiveCfg = Release|ARM
		{641C493C-C0A5-44E3-B1D1-F8AE8DE378A9}.Release|ARM.Build.0 = Release|ARM
		{641C493C-C0A5-44E3-B1D1-F8AE8DE378A9}.Release|ARM.Deploy.0 = Release|ARM
		{641C493C-C0A5-44E3-B1D1-F8AE8DE378A9}.Release|x64.ActiveCfg = Release|x64
		{641C493C-C0A5-44E3-B1D1-F8AE8DE378A9}.Release|x64.Build.0 = Release|x64
		{641C493C-C0A5-44E3-B1D1-F8AE8DE378A9}.Release|x64.Deploy.0 = Release|x64
		{641C493C-C0A5-44E3-B1D1-F8AE8DE378A9}.Release|x86.ActiveCfg = Release|x86
		{641C493C-C0A5-44E3-B1D1-F8AE8DE378A9}.Release|x86.Build.0 = Release|x86
		{641C493C-C0A5-44E3-B1D1-F8AE8DE378A9}.Release|x86.Deploy.0 = Release|x86
		{6449871C-A553-4B7D-84A8-4379BF8DE95B}.Debug|Any CPU.ActiveCfg = Debug|Any CPU
		{6449871C-A553-4B7D-84A8-4379BF8DE95B}.Debug|Any CPU.Build.0 = Debug|Any CPU
		{6449871C-A553-4B7D-84A8-4379BF8DE95B}.Debug|ARM.ActiveCfg = Debug|Any CPU
		{6449871C-A553-4B7D-84A8-4379BF8DE95B}.Debug|ARM.Build.0 = Debug|Any CPU
		{6449871C-A553-4B7D-84A8-4379BF8DE95B}.Debug|x64.ActiveCfg = Debug|x64
		{6449871C-A553-4B7D-84A8-4379BF8DE95B}.Debug|x64.Build.0 = Debug|x64
		{6449871C-A553-4B7D-84A8-4379BF8DE95B}.Debug|x86.ActiveCfg = Debug|x86
		{6449871C-A553-4B7D-84A8-4379BF8DE95B}.Debug|x86.Build.0 = Debug|x86
		{6449871C-A553-4B7D-84A8-4379BF8DE95B}.Release|Any CPU.ActiveCfg = Release|Any CPU
		{6449871C-A553-4B7D-84A8-4379BF8DE95B}.Release|Any CPU.Build.0 = Release|Any CPU
		{6449871C-A553-4B7D-84A8-4379BF8DE95B}.Release|ARM.ActiveCfg = Release|Any CPU
		{6449871C-A553-4B7D-84A8-4379BF8DE95B}.Release|ARM.Build.0 = Release|Any CPU
		{6449871C-A553-4B7D-84A8-4379BF8DE95B}.Release|x64.ActiveCfg = Release|x64
		{6449871C-A553-4B7D-84A8-4379BF8DE95B}.Release|x64.Build.0 = Release|x64
		{6449871C-A553-4B7D-84A8-4379BF8DE95B}.Release|x86.ActiveCfg = Release|x86
		{6449871C-A553-4B7D-84A8-4379BF8DE95B}.Release|x86.Build.0 = Release|x86
	EndGlobalSection
	GlobalSection(SolutionProperties) = preSolution
		HideSolutionNode = FALSE
	EndGlobalSection
	GlobalSection(ExtensibilityGlobals) = postSolution
		SolutionGuid = {F64E0A89-F07F-485F-A6B2-4645274D51AD}
	EndGlobalSection
EndGlobal
